// !$*UTF8*$!
{
	archiveVersion = 1;
	classes = {
	};
	objectVersion = 55;
	objects = {

/* Begin PBXBuildFile section */
		80A1C12427F6D95A00128F08 /* Helpers.swift in Sources */ = {isa = PBXBuildFile; fileRef = 80A1C12327F6D95A00128F08 /* Helpers.swift */; };
		90B0702127FFAB9800699963 /* Tower.swift in Sources */ = {isa = PBXBuildFile; fileRef = 90B0702027FFAB9700699963 /* Tower.swift */; };
		90B0702327FFAC7700699963 /* NewView.swift in Sources */ = {isa = PBXBuildFile; fileRef = 90B0702227FFAC7700699963 /* NewView.swift */; };
		90B2AC6827E979E500F45B2B /* TapForNewViewApp.swift in Sources */ = {isa = PBXBuildFile; fileRef = 90B2AC6727E979E500F45B2B /* TapForNewViewApp.swift */; };
		90B2AC6A27E979E500F45B2B /* ContentView.swift in Sources */ = {isa = PBXBuildFile; fileRef = 90B2AC6927E979E500F45B2B /* ContentView.swift */; };
		90B2AC6C27E979E700F45B2B /* Assets.xcassets in Resources */ = {isa = PBXBuildFile; fileRef = 90B2AC6B27E979E700F45B2B /* Assets.xcassets */; };
		90B2AC6F27E979E700F45B2B /* Preview Assets.xcassets in Resources */ = {isa = PBXBuildFile; fileRef = 90B2AC6E27E979E700F45B2B /* Preview Assets.xcassets */; };
		90B2AC7927E979E700F45B2B /* TapForNewViewTests.swift in Sources */ = {isa = PBXBuildFile; fileRef = 90B2AC7827E979E700F45B2B /* TapForNewViewTests.swift */; };
		90B2AC8327E979E700F45B2B /* TapForNewViewUITests.swift in Sources */ = {isa = PBXBuildFile; fileRef = 90B2AC8227E979E700F45B2B /* TapForNewViewUITests.swift */; };
		90B2AC8527E979E700F45B2B /* TapForNewViewUITestsLaunchTests.swift in Sources */ = {isa = PBXBuildFile; fileRef = 90B2AC8427E979E700F45B2B /* TapForNewViewUITestsLaunchTests.swift */; };
		90B2AC9427EAF24500F45B2B /* EnemieView.swift in Sources */ = {isa = PBXBuildFile; fileRef = 90B2AC9327EAF24500F45B2B /* EnemieView.swift */; };
		90B2AC9627EAF26900F45B2B /* Enemy.swift in Sources */ = {isa = PBXBuildFile; fileRef = 90B2AC9527EAF26900F45B2B /* Enemy.swift */; };
/* End PBXBuildFile section */

/* Begin PBXContainerItemProxy section */
		90B2AC7527E979E700F45B2B /* PBXContainerItemProxy */ = {
			isa = PBXContainerItemProxy;
			containerPortal = 90B2AC5C27E979E500F45B2B /* Project object */;
			proxyType = 1;
			remoteGlobalIDString = 90B2AC6327E979E500F45B2B;
			remoteInfo = TapForNewView;
		};
		90B2AC7F27E979E700F45B2B /* PBXContainerItemProxy */ = {
			isa = PBXContainerItemProxy;
			containerPortal = 90B2AC5C27E979E500F45B2B /* Project object */;
			proxyType = 1;
			remoteGlobalIDString = 90B2AC6327E979E500F45B2B;
			remoteInfo = TapForNewView;
		};
/* End PBXContainerItemProxy section */

/* Begin PBXFileReference section */
		80A1C12327F6D95A00128F08 /* Helpers.swift */ = {isa = PBXFileReference; lastKnownFileType = sourcecode.swift; path = Helpers.swift; sourceTree = "<group>"; };
		90B0702027FFAB9700699963 /* Tower.swift */ = {isa = PBXFileReference; fileEncoding = 4; lastKnownFileType = sourcecode.swift; path = Tower.swift; sourceTree = "<group>"; };
		90B0702227FFAC7700699963 /* NewView.swift */ = {isa = PBXFileReference; fileEncoding = 4; lastKnownFileType = sourcecode.swift; path = NewView.swift; sourceTree = "<group>"; };
		90B2AC6427E979E500F45B2B /* TapForNewView.app */ = {isa = PBXFileReference; explicitFileType = wrapper.application; includeInIndex = 0; path = TapForNewView.app; sourceTree = BUILT_PRODUCTS_DIR; };
		90B2AC6727E979E500F45B2B /* TapForNewViewApp.swift */ = {isa = PBXFileReference; lastKnownFileType = sourcecode.swift; path = TapForNewViewApp.swift; sourceTree = "<group>"; };
		90B2AC6927E979E500F45B2B /* ContentView.swift */ = {isa = PBXFileReference; lastKnownFileType = sourcecode.swift; path = ContentView.swift; sourceTree = "<group>"; };
		90B2AC6B27E979E700F45B2B /* Assets.xcassets */ = {isa = PBXFileReference; lastKnownFileType = folder.assetcatalog; path = Assets.xcassets; sourceTree = "<group>"; };
		90B2AC6E27E979E700F45B2B /* Preview Assets.xcassets */ = {isa = PBXFileReference; lastKnownFileType = folder.assetcatalog; path = "Preview Assets.xcassets"; sourceTree = "<group>"; };
		90B2AC7427E979E700F45B2B /* TapForNewViewTests.xctest */ = {isa = PBXFileReference; explicitFileType = wrapper.cfbundle; includeInIndex = 0; path = TapForNewViewTests.xctest; sourceTree = BUILT_PRODUCTS_DIR; };
		90B2AC7827E979E700F45B2B /* TapForNewViewTests.swift */ = {isa = PBXFileReference; lastKnownFileType = sourcecode.swift; path = TapForNewViewTests.swift; sourceTree = "<group>"; };
		90B2AC7E27E979E700F45B2B /* TapForNewViewUITests.xctest */ = {isa = PBXFileReference; explicitFileType = wrapper.cfbundle; includeInIndex = 0; path = TapForNewViewUITests.xctest; sourceTree = BUILT_PRODUCTS_DIR; };
		90B2AC8227E979E700F45B2B /* TapForNewViewUITests.swift */ = {isa = PBXFileReference; lastKnownFileType = sourcecode.swift; path = TapForNewViewUITests.swift; sourceTree = "<group>"; };
		90B2AC8427E979E700F45B2B /* TapForNewViewUITestsLaunchTests.swift */ = {isa = PBXFileReference; lastKnownFileType = sourcecode.swift; path = TapForNewViewUITestsLaunchTests.swift; sourceTree = "<group>"; };
		90B2AC9327EAF24500F45B2B /* EnemieView.swift */ = {isa = PBXFileReference; lastKnownFileType = sourcecode.swift; path = EnemieView.swift; sourceTree = "<group>"; };
		90B2AC9527EAF26900F45B2B /* Enemy.swift */ = {isa = PBXFileReference; lastKnownFileType = sourcecode.swift; path = Enemy.swift; sourceTree = "<group>"; };
/* End PBXFileReference section */

/* Begin PBXFrameworksBuildPhase section */
		90B2AC6127E979E500F45B2B /* Frameworks */ = {
			isa = PBXFrameworksBuildPhase;
			buildActionMask = 2147483647;
			files = (
			);
			runOnlyForDeploymentPostprocessing = 0;
		};
		90B2AC7127E979E700F45B2B /* Frameworks */ = {
			isa = PBXFrameworksBuildPhase;
			buildActionMask = 2147483647;
			files = (
			);
			runOnlyForDeploymentPostprocessing = 0;
		};
		90B2AC7B27E979E700F45B2B /* Frameworks */ = {
			isa = PBXFrameworksBuildPhase;
			buildActionMask = 2147483647;
			files = (
			);
			runOnlyForDeploymentPostprocessing = 0;
		};
/* End PBXFrameworksBuildPhase section */

/* Begin PBXGroup section */
		90B2AC5B27E979E500F45B2B = {
			isa = PBXGroup;
			children = (
				90B2AC6627E979E500F45B2B /* TapForNewView */,
				90B2AC7727E979E700F45B2B /* TapForNewViewTests */,
				90B2AC8127E979E700F45B2B /* TapForNewViewUITests */,
				90B2AC6527E979E500F45B2B /* Products */,
			);
			sourceTree = "<group>";
		};
		90B2AC6527E979E500F45B2B /* Products */ = {
			isa = PBXGroup;
			children = (
				90B2AC6427E979E500F45B2B /* TapForNewView.app */,
				90B2AC7427E979E700F45B2B /* TapForNewViewTests.xctest */,
				90B2AC7E27E979E700F45B2B /* TapForNewViewUITests.xctest */,
			);
			name = Products;
			sourceTree = "<group>";
		};
		90B2AC6627E979E500F45B2B /* TapForNewView */ = {
			isa = PBXGroup;
			children = (
				90B2AC9227EAF22600F45B2B /* Views */,
				90B2AC9127EAF21500F45B2B /* Componets */,
				90B2AC6727E979E500F45B2B /* TapForNewViewApp.swift */,
				90B2AC6927E979E500F45B2B /* ContentView.swift */,
				90B2AC6B27E979E700F45B2B /* Assets.xcassets */,
				90B2AC6D27E979E700F45B2B /* Preview Content */,
				80A1C12327F6D95A00128F08 /* Helpers.swift */,
			);
			path = TapForNewView;
			sourceTree = "<group>";
		};
		90B2AC6D27E979E700F45B2B /* Preview Content */ = {
			isa = PBXGroup;
			children = (
				90B2AC6E27E979E700F45B2B /* Preview Assets.xcassets */,
			);
			path = "Preview Content";
			sourceTree = "<group>";
		};
		90B2AC7727E979E700F45B2B /* TapForNewViewTests */ = {
			isa = PBXGroup;
			children = (
				90B2AC7827E979E700F45B2B /* TapForNewViewTests.swift */,
			);
			path = TapForNewViewTests;
			sourceTree = "<group>";
		};
		90B2AC8127E979E700F45B2B /* TapForNewViewUITests */ = {
			isa = PBXGroup;
			children = (
				90B2AC8227E979E700F45B2B /* TapForNewViewUITests.swift */,
				90B2AC8427E979E700F45B2B /* TapForNewViewUITestsLaunchTests.swift */,
			);
			path = TapForNewViewUITests;
			sourceTree = "<group>";
		};
		90B2AC9127EAF21500F45B2B /* Componets */ = {
			isa = PBXGroup;
			children = (
				90B0702027FFAB9700699963 /* Tower.swift */,
				90B2AC9527EAF26900F45B2B /* Enemy.swift */,
			);
			path = Componets;
			sourceTree = "<group>";
		};
		90B2AC9227EAF22600F45B2B /* Views */ = {
			isa = PBXGroup;
			children = (
				90B0702227FFAC7700699963 /* NewView.swift */,
				90B2AC9327EAF24500F45B2B /* EnemieView.swift */,
			);
			path = Views;
			sourceTree = "<group>";
		};
/* End PBXGroup section */

/* Begin PBXNativeTarget section */
		90B2AC6327E979E500F45B2B /* TapForNewView */ = {
			isa = PBXNativeTarget;
			buildConfigurationList = 90B2AC8827E979E700F45B2B /* Build configuration list for PBXNativeTarget "TapForNewView" */;
			buildPhases = (
				90B2AC6027E979E500F45B2B /* Sources */,
				90B2AC6127E979E500F45B2B /* Frameworks */,
				90B2AC6227E979E500F45B2B /* Resources */,
			);
			buildRules = (
			);
			dependencies = (
			);
			name = TapForNewView;
			productName = TapForNewView;
			productReference = 90B2AC6427E979E500F45B2B /* TapForNewView.app */;
			productType = "com.apple.product-type.application";
		};
		90B2AC7327E979E700F45B2B /* TapForNewViewTests */ = {
			isa = PBXNativeTarget;
			buildConfigurationList = 90B2AC8B27E979E700F45B2B /* Build configuration list for PBXNativeTarget "TapForNewViewTests" */;
			buildPhases = (
				90B2AC7027E979E700F45B2B /* Sources */,
				90B2AC7127E979E700F45B2B /* Frameworks */,
				90B2AC7227E979E700F45B2B /* Resources */,
			);
			buildRules = (
			);
			dependencies = (
				90B2AC7627E979E700F45B2B /* PBXTargetDependency */,
			);
			name = TapForNewViewTests;
			productName = TapForNewViewTests;
			productReference = 90B2AC7427E979E700F45B2B /* TapForNewViewTests.xctest */;
			productType = "com.apple.product-type.bundle.unit-test";
		};
		90B2AC7D27E979E700F45B2B /* TapForNewViewUITests */ = {
			isa = PBXNativeTarget;
			buildConfigurationList = 90B2AC8E27E979E700F45B2B /* Build configuration list for PBXNativeTarget "TapForNewViewUITests" */;
			buildPhases = (
				90B2AC7A27E979E700F45B2B /* Sources */,
				90B2AC7B27E979E700F45B2B /* Frameworks */,
				90B2AC7C27E979E700F45B2B /* Resources */,
			);
			buildRules = (
			);
			dependencies = (
				90B2AC8027E979E700F45B2B /* PBXTargetDependency */,
			);
			name = TapForNewViewUITests;
			productName = TapForNewViewUITests;
			productReference = 90B2AC7E27E979E700F45B2B /* TapForNewViewUITests.xctest */;
			productType = "com.apple.product-type.bundle.ui-testing";
		};
/* End PBXNativeTarget section */

/* Begin PBXProject section */
		90B2AC5C27E979E500F45B2B /* Project object */ = {
			isa = PBXProject;
			attributes = {
				BuildIndependentTargetsInParallel = 1;
				LastSwiftUpdateCheck = 1330;
				LastUpgradeCheck = 1330;
				TargetAttributes = {
					90B2AC6327E979E500F45B2B = {
						CreatedOnToolsVersion = 13.3;
					};
					90B2AC7327E979E700F45B2B = {
						CreatedOnToolsVersion = 13.3;
						TestTargetID = 90B2AC6327E979E500F45B2B;
					};
					90B2AC7D27E979E700F45B2B = {
						CreatedOnToolsVersion = 13.3;
						TestTargetID = 90B2AC6327E979E500F45B2B;
					};
				};
			};
			buildConfigurationList = 90B2AC5F27E979E500F45B2B /* Build configuration list for PBXProject "TapForNewView" */;
			compatibilityVersion = "Xcode 13.0";
			developmentRegion = en;
			hasScannedForEncodings = 0;
			knownRegions = (
				en,
				Base,
			);
			mainGroup = 90B2AC5B27E979E500F45B2B;
			productRefGroup = 90B2AC6527E979E500F45B2B /* Products */;
			projectDirPath = "";
			projectRoot = "";
			targets = (
				90B2AC6327E979E500F45B2B /* TapForNewView */,
				90B2AC7327E979E700F45B2B /* TapForNewViewTests */,
				90B2AC7D27E979E700F45B2B /* TapForNewViewUITests */,
			);
		};
/* End PBXProject section */

/* Begin PBXResourcesBuildPhase section */
		90B2AC6227E979E500F45B2B /* Resources */ = {
			isa = PBXResourcesBuildPhase;
			buildActionMask = 2147483647;
			files = (
				90B2AC6F27E979E700F45B2B /* Preview Assets.xcassets in Resources */,
				90B2AC6C27E979E700F45B2B /* Assets.xcassets in Resources */,
			);
			runOnlyForDeploymentPostprocessing = 0;
		};
		90B2AC7227E979E700F45B2B /* Resources */ = {
			isa = PBXResourcesBuildPhase;
			buildActionMask = 2147483647;
			files = (
			);
			runOnlyForDeploymentPostprocessing = 0;
		};
		90B2AC7C27E979E700F45B2B /* Resources */ = {
			isa = PBXResourcesBuildPhase;
			buildActionMask = 2147483647;
			files = (
			);
			runOnlyForDeploymentPostprocessing = 0;
		};
/* End PBXResourcesBuildPhase section */

/* Begin PBXSourcesBuildPhase section */
		90B2AC6027E979E500F45B2B /* Sources */ = {
			isa = PBXSourcesBuildPhase;
			buildActionMask = 2147483647;
			files = (
				90B2AC9627EAF26900F45B2B /* Enemy.swift in Sources */,
				90B2AC6A27E979E500F45B2B /* ContentView.swift in Sources */,
				90B2AC6827E979E500F45B2B /* TapForNewViewApp.swift in Sources */,
				90B0702127FFAB9800699963 /* Tower.swift in Sources */,
				90B0702327FFAC7700699963 /* NewView.swift in Sources */,
				80A1C12427F6D95A00128F08 /* Helpers.swift in Sources */,
				90B2AC9427EAF24500F45B2B /* EnemieView.swift in Sources */,
			);
			runOnlyForDeploymentPostprocessing = 0;
		};
		90B2AC7027E979E700F45B2B /* Sources */ = {
			isa = PBXSourcesBuildPhase;
			buildActionMask = 2147483647;
			files = (
				90B2AC7927E979E700F45B2B /* TapForNewViewTests.swift in Sources */,
			);
			runOnlyForDeploymentPostprocessing = 0;
		};
		90B2AC7A27E979E700F45B2B /* Sources */ = {
			isa = PBXSourcesBuildPhase;
			buildActionMask = 2147483647;
			files = (
				90B2AC8527E979E700F45B2B /* TapForNewViewUITestsLaunchTests.swift in Sources */,
				90B2AC8327E979E700F45B2B /* TapForNewViewUITests.swift in Sources */,
			);
			runOnlyForDeploymentPostprocessing = 0;
		};
/* End PBXSourcesBuildPhase section */

/* Begin PBXTargetDependency section */
		90B2AC7627E979E700F45B2B /* PBXTargetDependency */ = {
			isa = PBXTargetDependency;
			target = 90B2AC6327E979E500F45B2B /* TapForNewView */;
			targetProxy = 90B2AC7527E979E700F45B2B /* PBXContainerItemProxy */;
		};
		90B2AC8027E979E700F45B2B /* PBXTargetDependency */ = {
			isa = PBXTargetDependency;
			target = 90B2AC6327E979E500F45B2B /* TapForNewView */;
			targetProxy = 90B2AC7F27E979E700F45B2B /* PBXContainerItemProxy */;
		};
/* End PBXTargetDependency section */

/* Begin XCBuildConfiguration section */
		90B2AC8627E979E700F45B2B /* Debug */ = {
			isa = XCBuildConfiguration;
			buildSettings = {
				ALWAYS_SEARCH_USER_PATHS = NO;
				CLANG_ANALYZER_NONNULL = YES;
				CLANG_ANALYZER_NUMBER_OBJECT_CONVERSION = YES_AGGRESSIVE;
				CLANG_CXX_LANGUAGE_STANDARD = "gnu++17";
				CLANG_ENABLE_MODULES = YES;
				CLANG_ENABLE_OBJC_ARC = YES;
				CLANG_ENABLE_OBJC_WEAK = YES;
				CLANG_WARN_BLOCK_CAPTURE_AUTORELEASING = YES;
				CLANG_WARN_BOOL_CONVERSION = YES;
				CLANG_WARN_COMMA = YES;
				CLANG_WARN_CONSTANT_CONVERSION = YES;
				CLANG_WARN_DEPRECATED_OBJC_IMPLEMENTATIONS = YES;
				CLANG_WARN_DIRECT_OBJC_ISA_USAGE = YES_ERROR;
				CLANG_WARN_DOCUMENTATION_COMMENTS = YES;
				CLANG_WARN_EMPTY_BODY = YES;
				CLANG_WARN_ENUM_CONVERSION = YES;
				CLANG_WARN_INFINITE_RECURSION = YES;
				CLANG_WARN_INT_CONVERSION = YES;
				CLANG_WARN_NON_LITERAL_NULL_CONVERSION = YES;
				CLANG_WARN_OBJC_IMPLICIT_RETAIN_SELF = YES;
				CLANG_WARN_OBJC_LITERAL_CONVERSION = YES;
				CLANG_WARN_OBJC_ROOT_CLASS = YES_ERROR;
				CLANG_WARN_QUOTED_INCLUDE_IN_FRAMEWORK_HEADER = YES;
				CLANG_WARN_RANGE_LOOP_ANALYSIS = YES;
				CLANG_WARN_STRICT_PROTOTYPES = YES;
				CLANG_WARN_SUSPICIOUS_MOVE = YES;
				CLANG_WARN_UNGUARDED_AVAILABILITY = YES_AGGRESSIVE;
				CLANG_WARN_UNREACHABLE_CODE = YES;
				CLANG_WARN__DUPLICATE_METHOD_MATCH = YES;
				COPY_PHASE_STRIP = NO;
				DEBUG_INFORMATION_FORMAT = dwarf;
				ENABLE_STRICT_OBJC_MSGSEND = YES;
				ENABLE_TESTABILITY = YES;
				GCC_C_LANGUAGE_STANDARD = gnu11;
				GCC_DYNAMIC_NO_PIC = NO;
				GCC_NO_COMMON_BLOCKS = YES;
				GCC_OPTIMIZATION_LEVEL = 0;
				GCC_PREPROCESSOR_DEFINITIONS = (
					"DEBUG=1",
					"$(inherited)",
				);
				GCC_WARN_64_TO_32_BIT_CONVERSION = YES;
				GCC_WARN_ABOUT_RETURN_TYPE = YES_ERROR;
				GCC_WARN_UNDECLARED_SELECTOR = YES;
				GCC_WARN_UNINITIALIZED_AUTOS = YES_AGGRESSIVE;
				GCC_WARN_UNUSED_FUNCTION = YES;
				GCC_WARN_UNUSED_VARIABLE = YES;
				IPHONEOS_DEPLOYMENT_TARGET = 15.4;
				MTL_ENABLE_DEBUG_INFO = INCLUDE_SOURCE;
				MTL_FAST_MATH = YES;
				ONLY_ACTIVE_ARCH = YES;
				SDKROOT = iphoneos;
				SWIFT_ACTIVE_COMPILATION_CONDITIONS = DEBUG;
				SWIFT_OPTIMIZATION_LEVEL = "-Onone";
			};
			name = Debug;
		};
		90B2AC8727E979E700F45B2B /* Release */ = {
			isa = XCBuildConfiguration;
			buildSettings = {
				ALWAYS_SEARCH_USER_PATHS = NO;
				CLANG_ANALYZER_NONNULL = YES;
				CLANG_ANALYZER_NUMBER_OBJECT_CONVERSION = YES_AGGRESSIVE;
				CLANG_CXX_LANGUAGE_STANDARD = "gnu++17";
				CLANG_ENABLE_MODULES = YES;
				CLANG_ENABLE_OBJC_ARC = YES;
				CLANG_ENABLE_OBJC_WEAK = YES;
				CLANG_WARN_BLOCK_CAPTURE_AUTORELEASING = YES;
				CLANG_WARN_BOOL_CONVERSION = YES;
				CLANG_WARN_COMMA = YES;
				CLANG_WARN_CONSTANT_CONVERSION = YES;
				CLANG_WARN_DEPRECATED_OBJC_IMPLEMENTATIONS = YES;
				CLANG_WARN_DIRECT_OBJC_ISA_USAGE = YES_ERROR;
				CLANG_WARN_DOCUMENTATION_COMMENTS = YES;
				CLANG_WARN_EMPTY_BODY = YES;
				CLANG_WARN_ENUM_CONVERSION = YES;
				CLANG_WARN_INFINITE_RECURSION = YES;
				CLANG_WARN_INT_CONVERSION = YES;
				CLANG_WARN_NON_LITERAL_NULL_CONVERSION = YES;
				CLANG_WARN_OBJC_IMPLICIT_RETAIN_SELF = YES;
				CLANG_WARN_OBJC_LITERAL_CONVERSION = YES;
				CLANG_WARN_OBJC_ROOT_CLASS = YES_ERROR;
				CLANG_WARN_QUOTED_INCLUDE_IN_FRAMEWORK_HEADER = YES;
				CLANG_WARN_RANGE_LOOP_ANALYSIS = YES;
				CLANG_WARN_STRICT_PROTOTYPES = YES;
				CLANG_WARN_SUSPICIOUS_MOVE = YES;
				CLANG_WARN_UNGUARDED_AVAILABILITY = YES_AGGRESSIVE;
				CLANG_WARN_UNREACHABLE_CODE = YES;
				CLANG_WARN__DUPLICATE_METHOD_MATCH = YES;
				COPY_PHASE_STRIP = NO;
				DEBUG_INFORMATION_FORMAT = "dwarf-with-dsym";
				ENABLE_NS_ASSERTIONS = NO;
				ENABLE_STRICT_OBJC_MSGSEND = YES;
				GCC_C_LANGUAGE_STANDARD = gnu11;
				GCC_NO_COMMON_BLOCKS = YES;
				GCC_WARN_64_TO_32_BIT_CONVERSION = YES;
				GCC_WARN_ABOUT_RETURN_TYPE = YES_ERROR;
				GCC_WARN_UNDECLARED_SELECTOR = YES;
				GCC_WARN_UNINITIALIZED_AUTOS = YES_AGGRESSIVE;
				GCC_WARN_UNUSED_FUNCTION = YES;
				GCC_WARN_UNUSED_VARIABLE = YES;
				IPHONEOS_DEPLOYMENT_TARGET = 15.4;
				MTL_ENABLE_DEBUG_INFO = NO;
				MTL_FAST_MATH = YES;
				SDKROOT = iphoneos;
				SWIFT_COMPILATION_MODE = wholemodule;
				SWIFT_OPTIMIZATION_LEVEL = "-O";
				VALIDATE_PRODUCT = YES;
			};
			name = Release;
		};
		90B2AC8927E979E700F45B2B /* Debug */ = {
			isa = XCBuildConfiguration;
			buildSettings = {
				ASSETCATALOG_COMPILER_APPICON_NAME = AppIcon;
				ASSETCATALOG_COMPILER_GLOBAL_ACCENT_COLOR_NAME = AccentColor;
				CODE_SIGN_STYLE = Automatic;
				CURRENT_PROJECT_VERSION = 1;
				DEVELOPMENT_ASSET_PATHS = "\"TapForNewView/Preview Content\"";
				ENABLE_PREVIEWS = YES;
				GENERATE_INFOPLIST_FILE = YES;
				INFOPLIST_KEY_UIApplicationSceneManifest_Generation = YES;
				INFOPLIST_KEY_UIApplicationSupportsIndirectInputEvents = YES;
				INFOPLIST_KEY_UILaunchScreen_Generation = YES;
				INFOPLIST_KEY_UISupportedInterfaceOrientations_iPad = "UIInterfaceOrientationPortrait UIInterfaceOrientationPortraitUpsideDown UIInterfaceOrientationLandscapeLeft UIInterfaceOrientationLandscapeRight";
				INFOPLIST_KEY_UISupportedInterfaceOrientations_iPhone = "UIInterfaceOrientationPortrait UIInterfaceOrientationLandscapeLeft UIInterfaceOrientationLandscapeRight";
				LD_RUNPATH_SEARCH_PATHS = (
					"$(inherited)",
					"@executable_path/Frameworks",
				);
				MARKETING_VERSION = 1.0;
				PRODUCT_BUNDLE_IDENTIFIER = gametesting.TapForNewView;
				PRODUCT_NAME = "$(TARGET_NAME)";
				SWIFT_EMIT_LOC_STRINGS = YES;
				SWIFT_VERSION = 5.0;
				TARGETED_DEVICE_FAMILY = "1,2";
			};
			name = Debug;
		};
		90B2AC8A27E979E700F45B2B /* Release */ = {
			isa = XCBuildConfiguration;
			buildSettings = {
				ASSETCATALOG_COMPILER_APPICON_NAME = AppIcon;
				ASSETCATALOG_COMPILER_GLOBAL_ACCENT_COLOR_NAME = AccentColor;
				CODE_SIGN_STYLE = Automatic;
				CURRENT_PROJECT_VERSION = 1;
				DEVELOPMENT_ASSET_PATHS = "\"TapForNewView/Preview Content\"";
				ENABLE_PREVIEWS = YES;
				GENERATE_INFOPLIST_FILE = YES;
				INFOPLIST_KEY_UIApplicationSceneManifest_Generation = YES;
				INFOPLIST_KEY_UIApplicationSupportsIndirectInputEvents = YES;
				INFOPLIST_KEY_UILaunchScreen_Generation = YES;
				INFOPLIST_KEY_UISupportedInterfaceOrientations_iPad = "UIInterfaceOrientationPortrait UIInterfaceOrientationPortraitUpsideDown UIInterfaceOrientationLandscapeLeft UIInterfaceOrientationLandscapeRight";
				INFOPLIST_KEY_UISupportedInterfaceOrientations_iPhone = "UIInterfaceOrientationPortrait UIInterfaceOrientationLandscapeLeft UIInterfaceOrientationLandscapeRight";
				LD_RUNPATH_SEARCH_PATHS = (
					"$(inherited)",
					"@executable_path/Frameworks",
				);
				MARKETING_VERSION = 1.0;
				PRODUCT_BUNDLE_IDENTIFIER = gametesting.TapForNewView;
				PRODUCT_NAME = "$(TARGET_NAME)";
				SWIFT_EMIT_LOC_STRINGS = YES;
				SWIFT_VERSION = 5.0;
				TARGETED_DEVICE_FAMILY = "1,2";
			};
			name = Release;
		};
		90B2AC8C27E979E700F45B2B /* Debug */ = {
			isa = XCBuildConfiguration;
			buildSettings = {
				ALWAYS_EMBED_SWIFT_STANDARD_LIBRARIES = YES;
				BUNDLE_LOADER = "$(TEST_HOST)";
				CODE_SIGN_STYLE = Automatic;
				CURRENT_PROJECT_VERSION = 1;
				GENERATE_INFOPLIST_FILE = YES;
				IPHONEOS_DEPLOYMENT_TARGET = 15.4;
				MARKETING_VERSION = 1.0;
				PRODUCT_BUNDLE_IDENTIFIER = gametesting.TapForNewViewTests;
				PRODUCT_NAME = "$(TARGET_NAME)";
				SWIFT_EMIT_LOC_STRINGS = NO;
				SWIFT_VERSION = 5.0;
				TARGETED_DEVICE_FAMILY = "1,2";
				TEST_HOST = "$(BUILT_PRODUCTS_DIR)/TapForNewView.app/TapForNewView";
			};
			name = Debug;
		};
		90B2AC8D27E979E700F45B2B /* Release */ = {
			isa = XCBuildConfiguration;
			buildSettings = {
				ALWAYS_EMBED_SWIFT_STANDARD_LIBRARIES = YES;
				BUNDLE_LOADER = "$(TEST_HOST)";
				CODE_SIGN_STYLE = Automatic;
				CURRENT_PROJECT_VERSION = 1;
				GENERATE_INFOPLIST_FILE = YES;
				IPHONEOS_DEPLOYMENT_TARGET = 15.4;
				MARKETING_VERSION = 1.0;
				PRODUCT_BUNDLE_IDENTIFIER = gametesting.TapForNewViewTests;
				PRODUCT_NAME = "$(TARGET_NAME)";
				SWIFT_EMIT_LOC_STRINGS = NO;
				SWIFT_VERSION = 5.0;
				TARGETED_DEVICE_FAMILY = "1,2";
				TEST_HOST = "$(BUILT_PRODUCTS_DIR)/TapForNewView.app/TapForNewView";
			};
			name = Release;
		};
		90B2AC8F27E979E700F45B2B /* Debug */ = {
			isa = XCBuildConfiguration;
			buildSettings = {
				ALWAYS_EMBED_SWIFT_STANDARD_LIBRARIES = YES;
				CODE_SIGN_STYLE = Automatic;
				CURRENT_PROJECT_VERSION = 1;
				GENERATE_INFOPLIST_FILE = YES;
				MARKETING_VERSION = 1.0;
				PRODUCT_BUNDLE_IDENTIFIER = gametesting.TapForNewViewUITests;
				PRODUCT_NAME = "$(TARGET_NAME)";
				SWIFT_EMIT_LOC_STRINGS = NO;
				SWIFT_VERSION = 5.0;
				TARGETED_DEVICE_FAMILY = "1,2";
				TEST_TARGET_NAME = TapForNewView;
			};
			name = Debug;
		};
		90B2AC9027E979E700F45B2B /* Release */ = {
			isa = XCBuildConfiguration;
			buildSettings = {
				ALWAYS_EMBED_SWIFT_STANDARD_LIBRARIES = YES;
				CODE_SIGN_STYLE = Automatic;
				CURRENT_PROJECT_VERSION = 1;
				GENERATE_INFOPLIST_FILE = YES;
				MARKETING_VERSION = 1.0;
				PRODUCT_BUNDLE_IDENTIFIER = gametesting.TapForNewViewUITests;
				PRODUCT_NAME = "$(TARGET_NAME)";
				SWIFT_EMIT_LOC_STRINGS = NO;
				SWIFT_VERSION = 5.0;
				TARGETED_DEVICE_FAMILY = "1,2";
				TEST_TARGET_NAME = TapForNewView;
			};
			name = Release;
		};
/* End XCBuildConfiguration section */

/* Begin XCConfigurationList section */
		90B2AC5F27E979E500F45B2B /* Build configuration list for PBXProject "TapForNewView" */ = {
			isa = XCConfigurationList;
			buildConfigurations = (
				90B2AC8627E979E700F45B2B /* Debug */,
				90B2AC8727E979E700F45B2B /* Release */,
			);
			defaultConfigurationIsVisible = 0;
			defaultConfigurationName = Release;
		};
		90B2AC8827E979E700F45B2B /* Build configuration list for PBXNativeTarget "TapForNewView" */ = {
			isa = XCConfigurationList;
			buildConfigurations = (
				90B2AC8927E979E700F45B2B /* Debug */,
				90B2AC8A27E979E700F45B2B /* Release */,
			);
			defaultConfigurationIsVisible = 0;
			defaultConfigurationName = Release;
		};
		90B2AC8B27E979E700F45B2B /* Build configuration list for PBXNativeTarget "TapForNewViewTests" */ = {
			isa = XCConfigurationList;
			buildConfigurations = (
				90B2AC8C27E979E700F45B2B /* Debug */,
				90B2AC8D27E979E700F45B2B /* Release */,
			);
			defaultConfigurationIsVisible = 0;
			defaultConfigurationName = Release;
		};
		90B2AC8E27E979E700F45B2B /* Build configuration list for PBXNativeTarget "TapForNewViewUITests" */ = {
			isa = XCConfigurationList;
			buildConfigurations = (
				90B2AC8F27E979E700F45B2B /* Debug */,
				90B2AC9027E979E700F45B2B /* Release */,
			);
			defaultConfigurationIsVisible = 0;
			defaultConfigurationName = Release;
		};
/* End XCConfigurationList section */
	};
	rootObject = 90B2AC5C27E979E500F45B2B /* Project object */;
}
