// !$*UTF8*$!
{
	archiveVersion = 1;
	classes = {
	};
	objectVersion = 55;
	objects = {

/* Begin PBXBuildFile section */
		908BF2D727ECB51500E15676 /* PathPracticeApp.swift in Sources */ = {isa = PBXBuildFile; fileRef = 908BF2D627ECB51500E15676 /* PathPracticeApp.swift */; };
		908BF2D927ECB51500E15676 /* ContentView.swift in Sources */ = {isa = PBXBuildFile; fileRef = 908BF2D827ECB51500E15676 /* ContentView.swift */; };
		908BF2DB27ECB51800E15676 /* Assets.xcassets in Resources */ = {isa = PBXBuildFile; fileRef = 908BF2DA27ECB51800E15676 /* Assets.xcassets */; };
		908BF2DE27ECB51800E15676 /* Preview Assets.xcassets in Resources */ = {isa = PBXBuildFile; fileRef = 908BF2DD27ECB51800E15676 /* Preview Assets.xcassets */; };
		908BF2E827ECB51800E15676 /* PathPracticeTests.swift in Sources */ = {isa = PBXBuildFile; fileRef = 908BF2E727ECB51800E15676 /* PathPracticeTests.swift */; };
		908BF2F227ECB51800E15676 /* PathPracticeUITests.swift in Sources */ = {isa = PBXBuildFile; fileRef = 908BF2F127ECB51800E15676 /* PathPracticeUITests.swift */; };
		908BF2F427ECB51800E15676 /* PathPracticeUITestsLaunchTests.swift in Sources */ = {isa = PBXBuildFile; fileRef = 908BF2F327ECB51800E15676 /* PathPracticeUITestsLaunchTests.swift */; };
/* End PBXBuildFile section */

/* Begin PBXContainerItemProxy section */
		908BF2E427ECB51800E15676 /* PBXContainerItemProxy */ = {
			isa = PBXContainerItemProxy;
			containerPortal = 908BF2CB27ECB51500E15676 /* Project object */;
			proxyType = 1;
			remoteGlobalIDString = 908BF2D227ECB51500E15676;
			remoteInfo = PathPractice;
		};
		908BF2EE27ECB51800E15676 /* PBXContainerItemProxy */ = {
			isa = PBXContainerItemProxy;
			containerPortal = 908BF2CB27ECB51500E15676 /* Project object */;
			proxyType = 1;
			remoteGlobalIDString = 908BF2D227ECB51500E15676;
			remoteInfo = PathPractice;
		};
/* End PBXContainerItemProxy section */

/* Begin PBXFileReference section */
		908BF2D327ECB51500E15676 /* PathPractice.app */ = {isa = PBXFileReference; explicitFileType = wrapper.application; includeInIndex = 0; path = PathPractice.app; sourceTree = BUILT_PRODUCTS_DIR; };
		908BF2D627ECB51500E15676 /* PathPracticeApp.swift */ = {isa = PBXFileReference; lastKnownFileType = sourcecode.swift; path = PathPracticeApp.swift; sourceTree = "<group>"; };
		908BF2D827ECB51500E15676 /* ContentView.swift */ = {isa = PBXFileReference; lastKnownFileType = sourcecode.swift; path = ContentView.swift; sourceTree = "<group>"; };
		908BF2DA27ECB51800E15676 /* Assets.xcassets */ = {isa = PBXFileReference; lastKnownFileType = folder.assetcatalog; path = Assets.xcassets; sourceTree = "<group>"; };
		908BF2DD27ECB51800E15676 /* Preview Assets.xcassets */ = {isa = PBXFileReference; lastKnownFileType = folder.assetcatalog; path = "Preview Assets.xcassets"; sourceTree = "<group>"; };
		908BF2E327ECB51800E15676 /* PathPracticeTests.xctest */ = {isa = PBXFileReference; explicitFileType = wrapper.cfbundle; includeInIndex = 0; path = PathPracticeTests.xctest; sourceTree = BUILT_PRODUCTS_DIR; };
		908BF2E727ECB51800E15676 /* PathPracticeTests.swift */ = {isa = PBXFileReference; lastKnownFileType = sourcecode.swift; path = PathPracticeTests.swift; sourceTree = "<group>"; };
		908BF2ED27ECB51800E15676 /* PathPracticeUITests.xctest */ = {isa = PBXFileReference; explicitFileType = wrapper.cfbundle; includeInIndex = 0; path = PathPracticeUITests.xctest; sourceTree = BUILT_PRODUCTS_DIR; };
		908BF2F127ECB51800E15676 /* PathPracticeUITests.swift */ = {isa = PBXFileReference; lastKnownFileType = sourcecode.swift; path = PathPracticeUITests.swift; sourceTree = "<group>"; };
		908BF2F327ECB51800E15676 /* PathPracticeUITestsLaunchTests.swift */ = {isa = PBXFileReference; lastKnownFileType = sourcecode.swift; path = PathPracticeUITestsLaunchTests.swift; sourceTree = "<group>"; };
/* End PBXFileReference section */

/* Begin PBXFrameworksBuildPhase section */
		908BF2D027ECB51500E15676 /* Frameworks */ = {
			isa = PBXFrameworksBuildPhase;
			buildActionMask = 2147483647;
			files = (
			);
			runOnlyForDeploymentPostprocessing = 0;
		};
		908BF2E027ECB51800E15676 /* Frameworks */ = {
			isa = PBXFrameworksBuildPhase;
			buildActionMask = 2147483647;
			files = (
			);
			runOnlyForDeploymentPostprocessing = 0;
		};
		908BF2EA27ECB51800E15676 /* Frameworks */ = {
			isa = PBXFrameworksBuildPhase;
			buildActionMask = 2147483647;
			files = (
			);
			runOnlyForDeploymentPostprocessing = 0;
		};
/* End PBXFrameworksBuildPhase section */

/* Begin PBXGroup section */
		908BF2CA27ECB51500E15676 = {
			isa = PBXGroup;
			children = (
				908BF2D527ECB51500E15676 /* PathPractice */,
				908BF2E627ECB51800E15676 /* PathPracticeTests */,
				908BF2F027ECB51800E15676 /* PathPracticeUITests */,
				908BF2D427ECB51500E15676 /* Products */,
			);
			sourceTree = "<group>";
		};
		908BF2D427ECB51500E15676 /* Products */ = {
			isa = PBXGroup;
			children = (
				908BF2D327ECB51500E15676 /* PathPractice.app */,
				908BF2E327ECB51800E15676 /* PathPracticeTests.xctest */,
				908BF2ED27ECB51800E15676 /* PathPracticeUITests.xctest */,
			);
			name = Products;
			sourceTree = "<group>";
		};
		908BF2D527ECB51500E15676 /* PathPractice */ = {
			isa = PBXGroup;
			children = (
				908BF2D627ECB51500E15676 /* PathPracticeApp.swift */,
				908BF2D827ECB51500E15676 /* ContentView.swift */,
				908BF2DA27ECB51800E15676 /* Assets.xcassets */,
				908BF2DC27ECB51800E15676 /* Preview Content */,
			);
			path = PathPractice;
			sourceTree = "<group>";
		};
		908BF2DC27ECB51800E15676 /* Preview Content */ = {
			isa = PBXGroup;
			children = (
				908BF2DD27ECB51800E15676 /* Preview Assets.xcassets */,
			);
			path = "Preview Content";
			sourceTree = "<group>";
		};
		908BF2E627ECB51800E15676 /* PathPracticeTests */ = {
			isa = PBXGroup;
			children = (
				908BF2E727ECB51800E15676 /* PathPracticeTests.swift */,
			);
			path = PathPracticeTests;
			sourceTree = "<group>";
		};
		908BF2F027ECB51800E15676 /* PathPracticeUITests */ = {
			isa = PBXGroup;
			children = (
				908BF2F127ECB51800E15676 /* PathPracticeUITests.swift */,
				908BF2F327ECB51800E15676 /* PathPracticeUITestsLaunchTests.swift */,
			);
			path = PathPracticeUITests;
			sourceTree = "<group>";
		};
/* End PBXGroup section */

/* Begin PBXNativeTarget section */
		908BF2D227ECB51500E15676 /* PathPractice */ = {
			isa = PBXNativeTarget;
			buildConfigurationList = 908BF2F727ECB51800E15676 /* Build configuration list for PBXNativeTarget "PathPractice" */;
			buildPhases = (
				908BF2CF27ECB51500E15676 /* Sources */,
				908BF2D027ECB51500E15676 /* Frameworks */,
				908BF2D127ECB51500E15676 /* Resources */,
			);
			buildRules = (
			);
			dependencies = (
			);
			name = PathPractice;
			productName = PathPractice;
			productReference = 908BF2D327ECB51500E15676 /* PathPractice.app */;
			productType = "com.apple.product-type.application";
		};
		908BF2E227ECB51800E15676 /* PathPracticeTests */ = {
			isa = PBXNativeTarget;
			buildConfigurationList = 908BF2FA27ECB51800E15676 /* Build configuration list for PBXNativeTarget "PathPracticeTests" */;
			buildPhases = (
				908BF2DF27ECB51800E15676 /* Sources */,
				908BF2E027ECB51800E15676 /* Frameworks */,
				908BF2E127ECB51800E15676 /* Resources */,
			);
			buildRules = (
			);
			dependencies = (
				908BF2E527ECB51800E15676 /* PBXTargetDependency */,
			);
			name = PathPracticeTests;
			productName = PathPracticeTests;
			productReference = 908BF2E327ECB51800E15676 /* PathPracticeTests.xctest */;
			productType = "com.apple.product-type.bundle.unit-test";
		};
		908BF2EC27ECB51800E15676 /* PathPracticeUITests */ = {
			isa = PBXNativeTarget;
			buildConfigurationList = 908BF2FD27ECB51800E15676 /* Build configuration list for PBXNativeTarget "PathPracticeUITests" */;
			buildPhases = (
				908BF2E927ECB51800E15676 /* Sources */,
				908BF2EA27ECB51800E15676 /* Frameworks */,
				908BF2EB27ECB51800E15676 /* Resources */,
			);
			buildRules = (
			);
			dependencies = (
				908BF2EF27ECB51800E15676 /* PBXTargetDependency */,
			);
			name = PathPracticeUITests;
			productName = PathPracticeUITests;
			productReference = 908BF2ED27ECB51800E15676 /* PathPracticeUITests.xctest */;
			productType = "com.apple.product-type.bundle.ui-testing";
		};
/* End PBXNativeTarget section */

/* Begin PBXProject section */
		908BF2CB27ECB51500E15676 /* Project object */ = {
			isa = PBXProject;
			attributes = {
				BuildIndependentTargetsInParallel = 1;
				LastSwiftUpdateCheck = 1330;
				LastUpgradeCheck = 1330;
				TargetAttributes = {
					908BF2D227ECB51500E15676 = {
						CreatedOnToolsVersion = 13.3;
					};
					908BF2E227ECB51800E15676 = {
						CreatedOnToolsVersion = 13.3;
						TestTargetID = 908BF2D227ECB51500E15676;
					};
					908BF2EC27ECB51800E15676 = {
						CreatedOnToolsVersion = 13.3;
						TestTargetID = 908BF2D227ECB51500E15676;
					};
				};
			};
			buildConfigurationList = 908BF2CE27ECB51500E15676 /* Build configuration list for PBXProject "PathPractice" */;
			compatibilityVersion = "Xcode 13.0";
			developmentRegion = en;
			hasScannedForEncodings = 0;
			knownRegions = (
				en,
				Base,
			);
			mainGroup = 908BF2CA27ECB51500E15676;
			productRefGroup = 908BF2D427ECB51500E15676 /* Products */;
			projectDirPath = "";
			projectRoot = "";
			targets = (
				908BF2D227ECB51500E15676 /* PathPractice */,
				908BF2E227ECB51800E15676 /* PathPracticeTests */,
				908BF2EC27ECB51800E15676 /* PathPracticeUITests */,
			);
		};
/* End PBXProject section */

/* Begin PBXResourcesBuildPhase section */
		908BF2D127ECB51500E15676 /* Resources */ = {
			isa = PBXResourcesBuildPhase;
			buildActionMask = 2147483647;
			files = (
				908BF2DE27ECB51800E15676 /* Preview Assets.xcassets in Resources */,
				908BF2DB27ECB51800E15676 /* Assets.xcassets in Resources */,
			);
			runOnlyForDeploymentPostprocessing = 0;
		};
		908BF2E127ECB51800E15676 /* Resources */ = {
			isa = PBXResourcesBuildPhase;
			buildActionMask = 2147483647;
			files = (
			);
			runOnlyForDeploymentPostprocessing = 0;
		};
		908BF2EB27ECB51800E15676 /* Resources */ = {
			isa = PBXResourcesBuildPhase;
			buildActionMask = 2147483647;
			files = (
			);
			runOnlyForDeploymentPostprocessing = 0;
		};
/* End PBXResourcesBuildPhase section */

/* Begin PBXSourcesBuildPhase section */
		908BF2CF27ECB51500E15676 /* Sources */ = {
			isa = PBXSourcesBuildPhase;
			buildActionMask = 2147483647;
			files = (
				908BF2D927ECB51500E15676 /* ContentView.swift in Sources */,
				908BF2D727ECB51500E15676 /* PathPracticeApp.swift in Sources */,
			);
			runOnlyForDeploymentPostprocessing = 0;
		};
		908BF2DF27ECB51800E15676 /* Sources */ = {
			isa = PBXSourcesBuildPhase;
			buildActionMask = 2147483647;
			files = (
				908BF2E827ECB51800E15676 /* PathPracticeTests.swift in Sources */,
			);
			runOnlyForDeploymentPostprocessing = 0;
		};
		908BF2E927ECB51800E15676 /* Sources */ = {
			isa = PBXSourcesBuildPhase;
			buildActionMask = 2147483647;
			files = (
				908BF2F427ECB51800E15676 /* PathPracticeUITestsLaunchTests.swift in Sources */,
				908BF2F227ECB51800E15676 /* PathPracticeUITests.swift in Sources */,
			);
			runOnlyForDeploymentPostprocessing = 0;
		};
/* End PBXSourcesBuildPhase section */

/* Begin PBXTargetDependency section */
		908BF2E527ECB51800E15676 /* PBXTargetDependency */ = {
			isa = PBXTargetDependency;
			target = 908BF2D227ECB51500E15676 /* PathPractice */;
			targetProxy = 908BF2E427ECB51800E15676 /* PBXContainerItemProxy */;
		};
		908BF2EF27ECB51800E15676 /* PBXTargetDependency */ = {
			isa = PBXTargetDependency;
			target = 908BF2D227ECB51500E15676 /* PathPractice */;
			targetProxy = 908BF2EE27ECB51800E15676 /* PBXContainerItemProxy */;
		};
/* End PBXTargetDependency section */

/* Begin XCBuildConfiguration section */
		908BF2F527ECB51800E15676 /* Debug */ = {
			isa = XCBuildConfiguration;
			buildSettings = {
				ALWAYS_SEARCH_USER_PATHS = NO;
				CLANG_ANALYZER_NONNULL = YES;
				CLANG_ANALYZER_NUMBER_OBJECT_CONVERSION = YES_AGGRESSIVE;
				CLANG_CXX_LANGUAGE_STANDARD = "gnu++17";
				CLANG_ENABLE_MODULES = YES;
				CLANG_ENABLE_OBJC_ARC = YES;
				CLANG_ENABLE_OBJC_WEAK = YES;
				CLANG_WARN_BLOCK_CAPTURE_AUTORELEASING = YES;
				CLANG_WARN_BOOL_CONVERSION = YES;
				CLANG_WARN_COMMA = YES;
				CLANG_WARN_CONSTANT_CONVERSION = YES;
				CLANG_WARN_DEPRECATED_OBJC_IMPLEMENTATIONS = YES;
				CLANG_WARN_DIRECT_OBJC_ISA_USAGE = YES_ERROR;
				CLANG_WARN_DOCUMENTATION_COMMENTS = YES;
				CLANG_WARN_EMPTY_BODY = YES;
				CLANG_WARN_ENUM_CONVERSION = YES;
				CLANG_WARN_INFINITE_RECURSION = YES;
				CLANG_WARN_INT_CONVERSION = YES;
				CLANG_WARN_NON_LITERAL_NULL_CONVERSION = YES;
				CLANG_WARN_OBJC_IMPLICIT_RETAIN_SELF = YES;
				CLANG_WARN_OBJC_LITERAL_CONVERSION = YES;
				CLANG_WARN_OBJC_ROOT_CLASS = YES_ERROR;
				CLANG_WARN_QUOTED_INCLUDE_IN_FRAMEWORK_HEADER = YES;
				CLANG_WARN_RANGE_LOOP_ANALYSIS = YES;
				CLANG_WARN_STRICT_PROTOTYPES = YES;
				CLANG_WARN_SUSPICIOUS_MOVE = YES;
				CLANG_WARN_UNGUARDED_AVAILABILITY = YES_AGGRESSIVE;
				CLANG_WARN_UNREACHABLE_CODE = YES;
				CLANG_WARN__DUPLICATE_METHOD_MATCH = YES;
				COPY_PHASE_STRIP = NO;
				DEBUG_INFORMATION_FORMAT = dwarf;
				ENABLE_STRICT_OBJC_MSGSEND = YES;
				ENABLE_TESTABILITY = YES;
				GCC_C_LANGUAGE_STANDARD = gnu11;
				GCC_DYNAMIC_NO_PIC = NO;
				GCC_NO_COMMON_BLOCKS = YES;
				GCC_OPTIMIZATION_LEVEL = 0;
				GCC_PREPROCESSOR_DEFINITIONS = (
					"DEBUG=1",
					"$(inherited)",
				);
				GCC_WARN_64_TO_32_BIT_CONVERSION = YES;
				GCC_WARN_ABOUT_RETURN_TYPE = YES_ERROR;
				GCC_WARN_UNDECLARED_SELECTOR = YES;
				GCC_WARN_UNINITIALIZED_AUTOS = YES_AGGRESSIVE;
				GCC_WARN_UNUSED_FUNCTION = YES;
				GCC_WARN_UNUSED_VARIABLE = YES;
				IPHONEOS_DEPLOYMENT_TARGET = 15.4;
				MTL_ENABLE_DEBUG_INFO = INCLUDE_SOURCE;
				MTL_FAST_MATH = YES;
				ONLY_ACTIVE_ARCH = YES;
				SDKROOT = iphoneos;
				SWIFT_ACTIVE_COMPILATION_CONDITIONS = DEBUG;
				SWIFT_OPTIMIZATION_LEVEL = "-Onone";
			};
			name = Debug;
		};
		908BF2F627ECB51800E15676 /* Release */ = {
			isa = XCBuildConfiguration;
			buildSettings = {
				ALWAYS_SEARCH_USER_PATHS = NO;
				CLANG_ANALYZER_NONNULL = YES;
				CLANG_ANALYZER_NUMBER_OBJECT_CONVERSION = YES_AGGRESSIVE;
				CLANG_CXX_LANGUAGE_STANDARD = "gnu++17";
				CLANG_ENABLE_MODULES = YES;
				CLANG_ENABLE_OBJC_ARC = YES;
				CLANG_ENABLE_OBJC_WEAK = YES;
				CLANG_WARN_BLOCK_CAPTURE_AUTORELEASING = YES;
				CLANG_WARN_BOOL_CONVERSION = YES;
				CLANG_WARN_COMMA = YES;
				CLANG_WARN_CONSTANT_CONVERSION = YES;
				CLANG_WARN_DEPRECATED_OBJC_IMPLEMENTATIONS = YES;
				CLANG_WARN_DIRECT_OBJC_ISA_USAGE = YES_ERROR;
				CLANG_WARN_DOCUMENTATION_COMMENTS = YES;
				CLANG_WARN_EMPTY_BODY = YES;
				CLANG_WARN_ENUM_CONVERSION = YES;
				CLANG_WARN_INFINITE_RECURSION = YES;
				CLANG_WARN_INT_CONVERSION = YES;
				CLANG_WARN_NON_LITERAL_NULL_CONVERSION = YES;
				CLANG_WARN_OBJC_IMPLICIT_RETAIN_SELF = YES;
				CLANG_WARN_OBJC_LITERAL_CONVERSION = YES;
				CLANG_WARN_OBJC_ROOT_CLASS = YES_ERROR;
				CLANG_WARN_QUOTED_INCLUDE_IN_FRAMEWORK_HEADER = YES;
				CLANG_WARN_RANGE_LOOP_ANALYSIS = YES;
				CLANG_WARN_STRICT_PROTOTYPES = YES;
				CLANG_WARN_SUSPICIOUS_MOVE = YES;
				CLANG_WARN_UNGUARDED_AVAILABILITY = YES_AGGRESSIVE;
				CLANG_WARN_UNREACHABLE_CODE = YES;
				CLANG_WARN__DUPLICATE_METHOD_MATCH = YES;
				COPY_PHASE_STRIP = NO;
				DEBUG_INFORMATION_FORMAT = "dwarf-with-dsym";
				ENABLE_NS_ASSERTIONS = NO;
				ENABLE_STRICT_OBJC_MSGSEND = YES;
				GCC_C_LANGUAGE_STANDARD = gnu11;
				GCC_NO_COMMON_BLOCKS = YES;
				GCC_WARN_64_TO_32_BIT_CONVERSION = YES;
				GCC_WARN_ABOUT_RETURN_TYPE = YES_ERROR;
				GCC_WARN_UNDECLARED_SELECTOR = YES;
				GCC_WARN_UNINITIALIZED_AUTOS = YES_AGGRESSIVE;
				GCC_WARN_UNUSED_FUNCTION = YES;
				GCC_WARN_UNUSED_VARIABLE = YES;
				IPHONEOS_DEPLOYMENT_TARGET = 15.4;
				MTL_ENABLE_DEBUG_INFO = NO;
				MTL_FAST_MATH = YES;
				SDKROOT = iphoneos;
				SWIFT_COMPILATION_MODE = wholemodule;
				SWIFT_OPTIMIZATION_LEVEL = "-O";
				VALIDATE_PRODUCT = YES;
			};
			name = Release;
		};
		908BF2F827ECB51800E15676 /* Debug */ = {
			isa = XCBuildConfiguration;
			buildSettings = {
				ASSETCATALOG_COMPILER_APPICON_NAME = AppIcon;
				ASSETCATALOG_COMPILER_GLOBAL_ACCENT_COLOR_NAME = AccentColor;
				CODE_SIGN_STYLE = Automatic;
				CURRENT_PROJECT_VERSION = 1;
				DEVELOPMENT_ASSET_PATHS = "\"PathPractice/Preview Content\"";
				ENABLE_PREVIEWS = YES;
				GENERATE_INFOPLIST_FILE = YES;
				INFOPLIST_KEY_UIApplicationSceneManifest_Generation = YES;
				INFOPLIST_KEY_UIApplicationSupportsIndirectInputEvents = YES;
				INFOPLIST_KEY_UILaunchScreen_Generation = YES;
				INFOPLIST_KEY_UISupportedInterfaceOrientations_iPad = "UIInterfaceOrientationPortrait UIInterfaceOrientationPortraitUpsideDown UIInterfaceOrientationLandscapeLeft UIInterfaceOrientationLandscapeRight";
				INFOPLIST_KEY_UISupportedInterfaceOrientations_iPhone = "UIInterfaceOrientationPortrait UIInterfaceOrientationLandscapeLeft UIInterfaceOrientationLandscapeRight";
				LD_RUNPATH_SEARCH_PATHS = (
					"$(inherited)",
					"@executable_path/Frameworks",
				);
				MARKETING_VERSION = 1.0;
				PRODUCT_BUNDLE_IDENTIFIER = gametesting.PathPractice;
				PRODUCT_NAME = "$(TARGET_NAME)";
				SWIFT_EMIT_LOC_STRINGS = YES;
				SWIFT_VERSION = 5.0;
				TARGETED_DEVICE_FAMILY = "1,2";
			};
			name = Debug;
		};
		908BF2F927ECB51800E15676 /* Release */ = {
			isa = XCBuildConfiguration;
			buildSettings = {
				ASSETCATALOG_COMPILER_APPICON_NAME = AppIcon;
				ASSETCATALOG_COMPILER_GLOBAL_ACCENT_COLOR_NAME = AccentColor;
				CODE_SIGN_STYLE = Automatic;
				CURRENT_PROJECT_VERSION = 1;
				DEVELOPMENT_ASSET_PATHS = "\"PathPractice/Preview Content\"";
				ENABLE_PREVIEWS = YES;
				GENERATE_INFOPLIST_FILE = YES;
				INFOPLIST_KEY_UIApplicationSceneManifest_Generation = YES;
				INFOPLIST_KEY_UIApplicationSupportsIndirectInputEvents = YES;
				INFOPLIST_KEY_UILaunchScreen_Generation = YES;
				INFOPLIST_KEY_UISupportedInterfaceOrientations_iPad = "UIInterfaceOrientationPortrait UIInterfaceOrientationPortraitUpsideDown UIInterfaceOrientationLandscapeLeft UIInterfaceOrientationLandscapeRight";
				INFOPLIST_KEY_UISupportedInterfaceOrientations_iPhone = "UIInterfaceOrientationPortrait UIInterfaceOrientationLandscapeLeft UIInterfaceOrientationLandscapeRight";
				LD_RUNPATH_SEARCH_PATHS = (
					"$(inherited)",
					"@executable_path/Frameworks",
				);
				MARKETING_VERSION = 1.0;
				PRODUCT_BUNDLE_IDENTIFIER = gametesting.PathPractice;
				PRODUCT_NAME = "$(TARGET_NAME)";
				SWIFT_EMIT_LOC_STRINGS = YES;
				SWIFT_VERSION = 5.0;
				TARGETED_DEVICE_FAMILY = "1,2";
			};
			name = Release;
		};
		908BF2FB27ECB51800E15676 /* Debug */ = {
			isa = XCBuildConfiguration;
			buildSettings = {
				ALWAYS_EMBED_SWIFT_STANDARD_LIBRARIES = YES;
				BUNDLE_LOADER = "$(TEST_HOST)";
				CODE_SIGN_STYLE = Automatic;
				CURRENT_PROJECT_VERSION = 1;
				GENERATE_INFOPLIST_FILE = YES;
				IPHONEOS_DEPLOYMENT_TARGET = 15.4;
				MARKETING_VERSION = 1.0;
				PRODUCT_BUNDLE_IDENTIFIER = gametesting.PathPracticeTests;
				PRODUCT_NAME = "$(TARGET_NAME)";
				SWIFT_EMIT_LOC_STRINGS = NO;
				SWIFT_VERSION = 5.0;
				TARGETED_DEVICE_FAMILY = "1,2";
				TEST_HOST = "$(BUILT_PRODUCTS_DIR)/PathPractice.app/PathPractice";
			};
			name = Debug;
		};
		908BF2FC27ECB51800E15676 /* Release */ = {
			isa = XCBuildConfiguration;
			buildSettings = {
				ALWAYS_EMBED_SWIFT_STANDARD_LIBRARIES = YES;
				BUNDLE_LOADER = "$(TEST_HOST)";
				CODE_SIGN_STYLE = Automatic;
				CURRENT_PROJECT_VERSION = 1;
				GENERATE_INFOPLIST_FILE = YES;
				IPHONEOS_DEPLOYMENT_TARGET = 15.4;
				MARKETING_VERSION = 1.0;
				PRODUCT_BUNDLE_IDENTIFIER = gametesting.PathPracticeTests;
				PRODUCT_NAME = "$(TARGET_NAME)";
				SWIFT_EMIT_LOC_STRINGS = NO;
				SWIFT_VERSION = 5.0;
				TARGETED_DEVICE_FAMILY = "1,2";
				TEST_HOST = "$(BUILT_PRODUCTS_DIR)/PathPractice.app/PathPractice";
			};
			name = Release;
		};
		908BF2FE27ECB51800E15676 /* Debug */ = {
			isa = XCBuildConfiguration;
			buildSettings = {
				ALWAYS_EMBED_SWIFT_STANDARD_LIBRARIES = YES;
				CODE_SIGN_STYLE = Automatic;
				CURRENT_PROJECT_VERSION = 1;
				GENERATE_INFOPLIST_FILE = YES;
				MARKETING_VERSION = 1.0;
				PRODUCT_BUNDLE_IDENTIFIER = gametesting.PathPracticeUITests;
				PRODUCT_NAME = "$(TARGET_NAME)";
				SWIFT_EMIT_LOC_STRINGS = NO;
				SWIFT_VERSION = 5.0;
				TARGETED_DEVICE_FAMILY = "1,2";
				TEST_TARGET_NAME = PathPractice;
			};
			name = Debug;
		};
		908BF2FF27ECB51800E15676 /* Release */ = {
			isa = XCBuildConfiguration;
			buildSettings = {
				ALWAYS_EMBED_SWIFT_STANDARD_LIBRARIES = YES;
				CODE_SIGN_STYLE = Automatic;
				CURRENT_PROJECT_VERSION = 1;
				GENERATE_INFOPLIST_FILE = YES;
				MARKETING_VERSION = 1.0;
				PRODUCT_BUNDLE_IDENTIFIER = gametesting.PathPracticeUITests;
				PRODUCT_NAME = "$(TARGET_NAME)";
				SWIFT_EMIT_LOC_STRINGS = NO;
				SWIFT_VERSION = 5.0;
				TARGETED_DEVICE_FAMILY = "1,2";
				TEST_TARGET_NAME = PathPractice;
			};
			name = Release;
		};
/* End XCBuildConfiguration section */

/* Begin XCConfigurationList section */
		908BF2CE27ECB51500E15676 /* Build configuration list for PBXProject "PathPractice" */ = {
			isa = XCConfigurationList;
			buildConfigurations = (
				908BF2F527ECB51800E15676 /* Debug */,
				908BF2F627ECB51800E15676 /* Release */,
			);
			defaultConfigurationIsVisible = 0;
			defaultConfigurationName = Release;
		};
		908BF2F727ECB51800E15676 /* Build configuration list for PBXNativeTarget "PathPractice" */ = {
			isa = XCConfigurationList;
			buildConfigurations = (
				908BF2F827ECB51800E15676 /* Debug */,
				908BF2F927ECB51800E15676 /* Release */,
			);
			defaultConfigurationIsVisible = 0;
			defaultConfigurationName = Release;
		};
		908BF2FA27ECB51800E15676 /* Build configuration list for PBXNativeTarget "PathPracticeTests" */ = {
			isa = XCConfigurationList;
			buildConfigurations = (
				908BF2FB27ECB51800E15676 /* Debug */,
				908BF2FC27ECB51800E15676 /* Release */,
			);
			defaultConfigurationIsVisible = 0;
			defaultConfigurationName = Release;
		};
		908BF2FD27ECB51800E15676 /* Build configuration list for PBXNativeTarget "PathPracticeUITests" */ = {
			isa = XCConfigurationList;
			buildConfigurations = (
				908BF2FE27ECB51800E15676 /* Debug */,
				908BF2FF27ECB51800E15676 /* Release */,
			);
			defaultConfigurationIsVisible = 0;
			defaultConfigurationName = Release;
		};
/* End XCConfigurationList section */
	};
	rootObject = 908BF2CB27ECB51500E15676 /* Project object */;
}
